// !$*UTF8*$!
{
	archiveVersion = 1;
	classes = {
	};
	objectVersion = 46;
	objects = {

/* Begin PBXBuildFile section */
		D54F56601C3EC17000FE36FB /* AppDelegate.swift in Sources */ = {isa = PBXBuildFile; fileRef = D54F565F1C3EC17000FE36FB /* AppDelegate.swift */; };
		D54F56621C3EC17000FE36FB /* ViewController.swift in Sources */ = {isa = PBXBuildFile; fileRef = D54F56611C3EC17000FE36FB /* ViewController.swift */; };
		D54F56651C3EC17000FE36FB /* Main.storyboard in Resources */ = {isa = PBXBuildFile; fileRef = D54F56631C3EC17000FE36FB /* Main.storyboard */; };
		D54F56671C3EC17000FE36FB /* Assets.xcassets in Resources */ = {isa = PBXBuildFile; fileRef = D54F56661C3EC17000FE36FB /* Assets.xcassets */; };
		D54F566A1C3EC17000FE36FB /* LaunchScreen.storyboard in Resources */ = {isa = PBXBuildFile; fileRef = D54F56681C3EC17000FE36FB /* LaunchScreen.storyboard */; };
		D54F56781C3EC38D00FE36FB /* ActionViewController.swift in Sources */ = {isa = PBXBuildFile; fileRef = D54F56771C3EC38D00FE36FB /* ActionViewController.swift */; };
		D54F567B1C3EC38D00FE36FB /* MainInterface.storyboard in Resources */ = {isa = PBXBuildFile; fileRef = D54F56791C3EC38D00FE36FB /* MainInterface.storyboard */; };
		D54F567F1C3EC38D00FE36FB /* ReadMe.appex in Embed App Extensions */ = {isa = PBXBuildFile; fileRef = D54F56751C3EC38D00FE36FB /* ReadMe.appex */; settings = {ATTRIBUTES = (RemoveHeadersOnCopy, ); }; };
		D54F56841C3EC8C900FE36FB /* Assets.xcassets in Resources */ = {isa = PBXBuildFile; fileRef = D54F56661C3EC17000FE36FB /* Assets.xcassets */; };
/* End PBXBuildFile section */

/* Begin PBXContainerItemProxy section */
		D54F567D1C3EC38D00FE36FB /* PBXContainerItemProxy */ = {
			isa = PBXContainerItemProxy;
			containerPortal = D54F56541C3EC17000FE36FB /* Project object */;
			proxyType = 1;
			remoteGlobalIDString = D54F56741C3EC38D00FE36FB;
			remoteInfo = ReadMe;
		};
/* End PBXContainerItemProxy section */

/* Begin PBXCopyFilesBuildPhase section */
		D54F56831C3EC38D00FE36FB /* Embed App Extensions */ = {
			isa = PBXCopyFilesBuildPhase;
			buildActionMask = 2147483647;
			dstPath = "";
			dstSubfolderSpec = 13;
			files = (
				D54F567F1C3EC38D00FE36FB /* ReadMe.appex in Embed App Extensions */,
			);
			name = "Embed App Extensions";
			runOnlyForDeploymentPostprocessing = 0;
		};
/* End PBXCopyFilesBuildPhase section */

/* Begin PBXFileReference section */
		D54F565C1C3EC17000FE36FB /* ActionExt.app */ = {isa = PBXFileReference; explicitFileType = wrapper.application; includeInIndex = 0; path = ActionExt.app; sourceTree = BUILT_PRODUCTS_DIR; };
		D54F565F1C3EC17000FE36FB /* AppDelegate.swift */ = {isa = PBXFileReference; lastKnownFileType = sourcecode.swift; path = AppDelegate.swift; sourceTree = "<group>"; };
		D54F56611C3EC17000FE36FB /* ViewController.swift */ = {isa = PBXFileReference; lastKnownFileType = sourcecode.swift; path = ViewController.swift; sourceTree = "<group>"; };
		D54F56641C3EC17000FE36FB /* Base */ = {isa = PBXFileReference; lastKnownFileType = file.storyboard; name = Base; path = Base.lproj/Main.storyboard; sourceTree = "<group>"; };
		D54F56661C3EC17000FE36FB /* Assets.xcassets */ = {isa = PBXFileReference; lastKnownFileType = folder.assetcatalog; path = Assets.xcassets; sourceTree = "<group>"; };
		D54F56691C3EC17000FE36FB /* Base */ = {isa = PBXFileReference; lastKnownFileType = file.storyboard; name = Base; path = Base.lproj/LaunchScreen.storyboard; sourceTree = "<group>"; };
		D54F566B1C3EC17000FE36FB /* Info.plist */ = {isa = PBXFileReference; lastKnownFileType = text.plist.xml; path = Info.plist; sourceTree = "<group>"; };
		D54F56751C3EC38D00FE36FB /* ReadMe.appex */ = {isa = PBXFileReference; explicitFileType = "wrapper.app-extension"; includeInIndex = 0; path = ReadMe.appex; sourceTree = BUILT_PRODUCTS_DIR; };
		D54F56771C3EC38D00FE36FB /* ActionViewController.swift */ = {isa = PBXFileReference; lastKnownFileType = sourcecode.swift; path = ActionViewController.swift; sourceTree = "<group>"; };
		D54F567A1C3EC38D00FE36FB /* Base */ = {isa = PBXFileReference; lastKnownFileType = file.storyboard; name = Base; path = Base.lproj/MainInterface.storyboard; sourceTree = "<group>"; };
		D54F567C1C3EC38D00FE36FB /* Info.plist */ = {isa = PBXFileReference; lastKnownFileType = text.plist.xml; path = Info.plist; sourceTree = "<group>"; };
/* End PBXFileReference section */

/* Begin PBXFrameworksBuildPhase section */
		D54F56591C3EC17000FE36FB /* Frameworks */ = {
			isa = PBXFrameworksBuildPhase;
			buildActionMask = 2147483647;
			files = (
			);
			runOnlyForDeploymentPostprocessing = 0;
		};
		D54F56721C3EC38D00FE36FB /* Frameworks */ = {
			isa = PBXFrameworksBuildPhase;
			buildActionMask = 2147483647;
			files = (
			);
			runOnlyForDeploymentPostprocessing = 0;
		};
/* End PBXFrameworksBuildPhase section */

/* Begin PBXGroup section */
		D54F56531C3EC17000FE36FB = {
			isa = PBXGroup;
			children = (
				D54F565E1C3EC17000FE36FB /* ActionExt */,
				D54F56761C3EC38D00FE36FB /* ReadMe */,
				D54F565D1C3EC17000FE36FB /* Products */,
			);
			sourceTree = "<group>";
		};
		D54F565D1C3EC17000FE36FB /* Products */ = {
			isa = PBXGroup;
			children = (
				D54F565C1C3EC17000FE36FB /* ActionExt.app */,
				D54F56751C3EC38D00FE36FB /* ReadMe.appex */,
			);
			name = Products;
			sourceTree = "<group>";
		};
		D54F565E1C3EC17000FE36FB /* ActionExt */ = {
			isa = PBXGroup;
			children = (
				D54F565F1C3EC17000FE36FB /* AppDelegate.swift */,
				D54F56611C3EC17000FE36FB /* ViewController.swift */,
				D54F56631C3EC17000FE36FB /* Main.storyboard */,
				D54F56661C3EC17000FE36FB /* Assets.xcassets */,
				D54F56681C3EC17000FE36FB /* LaunchScreen.storyboard */,
				D54F566B1C3EC17000FE36FB /* Info.plist */,
			);
			path = ActionExt;
			sourceTree = "<group>";
		};
		D54F56761C3EC38D00FE36FB /* ReadMe */ = {
			isa = PBXGroup;
			children = (
				D54F56771C3EC38D00FE36FB /* ActionViewController.swift */,
				D54F56791C3EC38D00FE36FB /* MainInterface.storyboard */,
				D54F567C1C3EC38D00FE36FB /* Info.plist */,
			);
			path = ReadMe;
			sourceTree = "<group>";
		};
/* End PBXGroup section */

/* Begin PBXNativeTarget section */
		D54F565B1C3EC17000FE36FB /* ActionExt */ = {
			isa = PBXNativeTarget;
			buildConfigurationList = D54F566E1C3EC17000FE36FB /* Build configuration list for PBXNativeTarget "ActionExt" */;
			buildPhases = (
				D54F56581C3EC17000FE36FB /* Sources */,
				D54F56591C3EC17000FE36FB /* Frameworks */,
				D54F565A1C3EC17000FE36FB /* Resources */,
				D54F56831C3EC38D00FE36FB /* Embed App Extensions */,
			);
			buildRules = (
			);
			dependencies = (
				D54F567E1C3EC38D00FE36FB /* PBXTargetDependency */,
			);
			name = ActionExt;
			productName = ActionExt;
			productReference = D54F565C1C3EC17000FE36FB /* ActionExt.app */;
			productType = "com.apple.product-type.application";
		};
		D54F56741C3EC38D00FE36FB /* ReadMe */ = {
			isa = PBXNativeTarget;
			buildConfigurationList = D54F56801C3EC38D00FE36FB /* Build configuration list for PBXNativeTarget "ReadMe" */;
			buildPhases = (
				D54F56711C3EC38D00FE36FB /* Sources */,
				D54F56721C3EC38D00FE36FB /* Frameworks */,
				D54F56731C3EC38D00FE36FB /* Resources */,
			);
			buildRules = (
			);
			dependencies = (
			);
			name = ReadMe;
			productName = ReadMe;
			productReference = D54F56751C3EC38D00FE36FB /* ReadMe.appex */;
			productType = "com.apple.product-type.app-extension";
		};
/* End PBXNativeTarget section */

/* Begin PBXProject section */
		D54F56541C3EC17000FE36FB /* Project object */ = {
			isa = PBXProject;
			attributes = {
				LastSwiftUpdateCheck = 0720;
				LastUpgradeCheck = 0720;
				ORGANIZATIONNAME = "Parth Adroja";
				TargetAttributes = {
					D54F565B1C3EC17000FE36FB = {
						CreatedOnToolsVersion = 7.2;
						DevelopmentTeam = 9MXB9EHJSS;
					};
					D54F56741C3EC38D00FE36FB = {
						CreatedOnToolsVersion = 7.2;
						DevelopmentTeam = 9MXB9EHJSS;
					};
				};
			};
			buildConfigurationList = D54F56571C3EC17000FE36FB /* Build configuration list for PBXProject "ActionExt" */;
			compatibilityVersion = "Xcode 3.2";
			developmentRegion = English;
			hasScannedForEncodings = 0;
			knownRegions = (
				en,
				Base,
			);
			mainGroup = D54F56531C3EC17000FE36FB;
			productRefGroup = D54F565D1C3EC17000FE36FB /* Products */;
			projectDirPath = "";
			projectRoot = "";
			targets = (
				D54F565B1C3EC17000FE36FB /* ActionExt */,
				D54F56741C3EC38D00FE36FB /* ReadMe */,
			);
		};
/* End PBXProject section */

/* Begin PBXResourcesBuildPhase section */
		D54F565A1C3EC17000FE36FB /* Resources */ = {
			isa = PBXResourcesBuildPhase;
			buildActionMask = 2147483647;
			files = (
				D54F566A1C3EC17000FE36FB /* LaunchScreen.storyboard in Resources */,
				D54F56671C3EC17000FE36FB /* Assets.xcassets in Resources */,
				D54F56651C3EC17000FE36FB /* Main.storyboard in Resources */,
			);
			runOnlyForDeploymentPostprocessing = 0;
		};
		D54F56731C3EC38D00FE36FB /* Resources */ = {
			isa = PBXResourcesBuildPhase;
			buildActionMask = 2147483647;
			files = (
				D54F56841C3EC8C900FE36FB /* Assets.xcassets in Resources */,
				D54F567B1C3EC38D00FE36FB /* MainInterface.storyboard in Resources */,
			);
			runOnlyForDeploymentPostprocessing = 0;
		};
/* End PBXResourcesBuildPhase section */

/* Begin PBXSourcesBuildPhase section */
		D54F56581C3EC17000FE36FB /* Sources */ = {
			isa = PBXSourcesBuildPhase;
			buildActionMask = 2147483647;
			files = (
				D54F56621C3EC17000FE36FB /* ViewController.swift in Sources */,
				D54F56601C3EC17000FE36FB /* AppDelegate.swift in Sources */,
			);
			runOnlyForDeploymentPostprocessing = 0;
		};
		D54F56711C3EC38D00FE36FB /* Sources */ = {
			isa = PBXSourcesBuildPhase;
			buildActionMask = 2147483647;
			files = (
				D54F56781C3EC38D00FE36FB /* ActionViewController.swift in Sources */,
			);
			runOnlyForDeploymentPostprocessing = 0;
		};
/* End PBXSourcesBuildPhase section */

/* Begin PBXTargetDependency section */
		D54F567E1C3EC38D00FE36FB /* PBXTargetDependency */ = {
			isa = PBXTargetDependency;
			target = D54F56741C3EC38D00FE36FB /* ReadMe */;
			targetProxy = D54F567D1C3EC38D00FE36FB /* PBXContainerItemProxy */;
		};
/* End PBXTargetDependency section */

/* Begin PBXVariantGroup section */
		D54F56631C3EC17000FE36FB /* Main.storyboard */ = {
			isa = PBXVariantGroup;
			children = (
				D54F56641C3EC17000FE36FB /* Base */,
			);
			name = Main.storyboard;
			sourceTree = "<group>";
		};
		D54F56681C3EC17000FE36FB /* LaunchScreen.storyboard */ = {
			isa = PBXVariantGroup;
			children = (
				D54F56691C3EC17000FE36FB /* Base */,
			);
			name = LaunchScreen.storyboard;
			sourceTree = "<group>";
		};
		D54F56791C3EC38D00FE36FB /* MainInterface.storyboard */ = {
			isa = PBXVariantGroup;
			children = (
				D54F567A1C3EC38D00FE36FB /* Base */,
			);
			name = MainInterface.storyboard;
			sourceTree = "<group>";
		};
/* End PBXVariantGroup section */

/* Begin XCBuildConfiguration section */
		D54F566C1C3EC17000FE36FB /* Debug */ = {
			isa = XCBuildConfiguration;
			buildSettings = {
				ALWAYS_SEARCH_USER_PATHS = NO;
				CLANG_CXX_LANGUAGE_STANDARD = "gnu++0x";
				CLANG_CXX_LIBRARY = "libc++";
				CLANG_ENABLE_MODULES = YES;
				CLANG_ENABLE_OBJC_ARC = YES;
				CLANG_WARN_BOOL_CONVERSION = YES;
				CLANG_WARN_CONSTANT_CONVERSION = YES;
				CLANG_WARN_DIRECT_OBJC_ISA_USAGE = YES_ERROR;
				CLANG_WARN_EMPTY_BODY = YES;
				CLANG_WARN_ENUM_CONVERSION = YES;
				CLANG_WARN_INT_CONVERSION = YES;
				CLANG_WARN_OBJC_ROOT_CLASS = YES_ERROR;
				CLANG_WARN_UNREACHABLE_CODE = YES;
				CLANG_WARN__DUPLICATE_METHOD_MATCH = YES;
				"CODE_SIGN_IDENTITY[sdk=iphoneos*]" = "iPhone Developer";
				COPY_PHASE_STRIP = NO;
				DEBUG_INFORMATION_FORMAT = dwarf;
				ENABLE_STRICT_OBJC_MSGSEND = YES;
				ENABLE_TESTABILITY = YES;
				GCC_C_LANGUAGE_STANDARD = gnu99;
				GCC_DYNAMIC_NO_PIC = NO;
				GCC_NO_COMMON_BLOCKS = YES;
				GCC_OPTIMIZATION_LEVEL = 0;
				GCC_PREPROCESSOR_DEFINITIONS = (
					"DEBUG=1",
					"$(inherited)",
				);
				GCC_WARN_64_TO_32_BIT_CONVERSION = YES;
				GCC_WARN_ABOUT_RETURN_TYPE = YES_ERROR;
				GCC_WARN_UNDECLARED_SELECTOR = YES;
				GCC_WARN_UNINITIALIZED_AUTOS = YES_AGGRESSIVE;
				GCC_WARN_UNUSED_FUNCTION = YES;
				GCC_WARN_UNUSED_VARIABLE = YES;
				IPHONEOS_DEPLOYMENT_TARGET = 9.2;
				MTL_ENABLE_DEBUG_INFO = YES;
				ONLY_ACTIVE_ARCH = YES;
				SDKROOT = iphoneos;
				SWIFT_OPTIMIZATION_LEVEL = "-Onone";
			};
			name = Debug;
		};
		D54F566D1C3EC17000FE36FB /* Release */ = {
			isa = XCBuildConfiguration;
			buildSettings = {
				ALWAYS_SEARCH_USER_PATHS = NO;
				CLANG_CXX_LANGUAGE_STANDARD = "gnu++0x";
				CLANG_CXX_LIBRARY = "libc++";
				CLANG_ENABLE_MODULES = YES;
				CLANG_ENABLE_OBJC_ARC = YES;
				CLANG_WARN_BOOL_CONVERSION = YES;
				CLANG_WARN_CONSTANT_CONVERSION = YES;
				CLANG_WARN_DIRECT_OBJC_ISA_USAGE = YES_ERROR;
				CLANG_WARN_EMPTY_BODY = YES;
				CLANG_WARN_ENUM_CONVERSION = YES;
				CLANG_WARN_INT_CONVERSION = YES;
				CLANG_WARN_OBJC_ROOT_CLASS = YES_ERROR;
				CLANG_WARN_UNREACHABLE_CODE = YES;
				CLANG_WARN__DUPLICATE_METHOD_MATCH = YES;
				"CODE_SIGN_IDENTITY[sdk=iphoneos*]" = "iPhone Developer";
				COPY_PHASE_STRIP = NO;
				DEBUG_INFORMATION_FORMAT = "dwarf-with-dsym";
				ENABLE_NS_ASSERTIONS = NO;
				ENABLE_STRICT_OBJC_MSGSEND = YES;
				GCC_C_LANGUAGE_STANDARD = gnu99;
				GCC_NO_COMMON_BLOCKS = YES;
				GCC_WARN_64_TO_32_BIT_CONVERSION = YES;
				GCC_WARN_ABOUT_RETURN_TYPE = YES_ERROR;
				GCC_WARN_UNDECLARED_SELECTOR = YES;
				GCC_WARN_UNINITIALIZED_AUTOS = YES_AGGRESSIVE;
				GCC_WARN_UNUSED_FUNCTION = YES;
				GCC_WARN_UNUSED_VARIABLE = YES;
				IPHONEOS_DEPLOYMENT_TARGET = 9.2;
				MTL_ENABLE_DEBUG_INFO = NO;
				SDKROOT = iphoneos;
				VALIDATE_PRODUCT = YES;
			};
			name = Release;
		};
		D54F566F1C3EC17000FE36FB /* Debug */ = {
			isa = XCBuildConfiguration;
			buildSettings = {
				ASSETCATALOG_COMPILER_APPICON_NAME = AppIcon;
				EMBEDDED_CONTENT_CONTAINS_SWIFT = YES;
				INFOPLIST_FILE = ActionExt/Info.plist;
				LD_RUNPATH_SEARCH_PATHS = "$(inherited) @executable_path/Frameworks";
				PRODUCT_BUNDLE_IDENTIFIER = com.mastermind.ActionExt;
				PRODUCT_NAME = "$(TARGET_NAME)";
			};
			name = Debug;
		};
		D54F56701C3EC17000FE36FB /* Release */ = {
			isa = XCBuildConfiguration;
			buildSettings = {
				ASSETCATALOG_COMPILER_APPICON_NAME = AppIcon;
				EMBEDDED_CONTENT_CONTAINS_SWIFT = YES;
				INFOPLIST_FILE = ActionExt/Info.plist;
				LD_RUNPATH_SEARCH_PATHS = "$(inherited) @executable_path/Frameworks";
				PRODUCT_BUNDLE_IDENTIFIER = com.mastermind.ActionExt;
				PRODUCT_NAME = "$(TARGET_NAME)";
			};
			name = Release;
		};
		D54F56811C3EC38D00FE36FB /* Debug */ = {
			isa = XCBuildConfiguration;
			buildSettings = {
				ASSETCATALOG_COMPILER_APPICON_NAME = "AppIcon-2";
				ASSETCATALOG_COMPILER_LAUNCHIMAGE_NAME = "Brand Assets";
				INFOPLIST_FILE = ReadMe/Info.plist;
				LD_RUNPATH_SEARCH_PATHS = "$(inherited) @executable_path/Frameworks @executable_path/../../Frameworks";
				PRODUCT_BUNDLE_IDENTIFIER = com.mastermind.ActionExt.ReadMe;
				PRODUCT_NAME = "$(TARGET_NAME)";
				SKIP_INSTALL = YES;
			};
			name = Debug;
		};
		D54F56821C3EC38D00FE36FB /* Release */ = {
			isa = XCBuildConfiguration;
			buildSettings = {
				ASSETCATALOG_COMPILER_APPICON_NAME = "AppIcon-2";
				ASSETCATALOG_COMPILER_LAUNCHIMAGE_NAME = "Brand Assets";
				INFOPLIST_FILE = ReadMe/Info.plist;
				LD_RUNPATH_SEARCH_PATHS = "$(inherited) @executable_path/Frameworks @executable_path/../../Frameworks";
				PRODUCT_BUNDLE_IDENTIFIER = com.mastermind.ActionExt.ReadMe;
				PRODUCT_NAME = "$(TARGET_NAME)";
				SKIP_INSTALL = YES;
			};
			name = Release;
		};
/* End XCBuildConfiguration section */

/* Begin XCConfigurationList section */
		D54F56571C3EC17000FE36FB /* Build configuration list for PBXProject "ActionExt" */ = {
			isa = XCConfigurationList;
			buildConfigurations = (
				D54F566C1C3EC17000FE36FB /* Debug */,
				D54F566D1C3EC17000FE36FB /* Release */,
			);
			defaultConfigurationIsVisible = 0;
			defaultConfigurationName = Release;
		};
		D54F566E1C3EC17000FE36FB /* Build configuration list for PBXNativeTarget "ActionExt" */ = {
			isa = XCConfigurationList;
			buildConfigurations = (
				D54F566F1C3EC17000FE36FB /* Debug */,
				D54F56701C3EC17000FE36FB /* Release */,
			);
			defaultConfigurationIsVisible = 0;
		};
		D54F56801C3EC38D00FE36FB /* Build configuration list for PBXNativeTarget "ReadMe" */ = {
			isa = XCConfigurationList;
			buildConfigurations = (
				D54F56811C3EC38D00FE36FB /* Debug */,
				D54F56821C3EC38D00FE36FB /* Release */,
			);
			defaultConfigurationIsVisible = 0;
		};
/* End XCConfigurationList section */
	};
	rootObject = D54F56541C3EC17000FE36FB /* Project object */;
}
